// !$*UTF8*$!
{
	archiveVersion = 1;
	classes = {
	};
	objectVersion = 55;
	objects = {

/* Begin PBXBuildFile section */
		11AFD3BD30FCB0A4E5B38309 /* SwiftUIDemoView.swift in Sources */ = {isa = PBXBuildFile; fileRef = B355D14FD9EAA663D872CE05 /* SwiftUIDemoView.swift */; };
		1B5E7E02645A7113AF9B5081 /* AppDelegate.swift in Sources */ = {isa = PBXBuildFile; fileRef = 63761F251DE8211946BA1727 /* AppDelegate.swift */; };
		1B89CFD37971A86D1ACBD749 /* TuistBundle+AgentationExample.swift in Sources */ = {isa = PBXBuildFile; fileRef = 5E4A0A3E4B9A644BF3F56AA5 /* TuistBundle+AgentationExample.swift */; };
		2DD53B866065E74A662A40B0 /* Agentation in Frameworks */ = {isa = PBXBuildFile; productRef = 448D59C36DABA15F5E024BCF /* Agentation */; };
		596246FE77C2B8338E04F33C /* Assets.xcassets in Resources */ = {isa = PBXBuildFile; fileRef = B749C9770A7679BB6FAADCA2 /* Assets.xcassets */; };
		819CC0C3B8643AEC6F5100DE /* TuistAssets+AgentationExample.swift in Sources */ = {isa = PBXBuildFile; fileRef = 40498059A6C06176D3289261 /* TuistAssets+AgentationExample.swift */; };
		A0925090BD1A5973255A044D /* SceneDelegate.swift in Sources */ = {isa = PBXBuildFile; fileRef = DDEF693B388069135F28AF2B /* SceneDelegate.swift */; };
		A822E49ED687CC40CD394DA2 /* UIKitDemoViewController.swift in Sources */ = {isa = PBXBuildFile; fileRef = 94BCB8AC263BE902B077B15F /* UIKitDemoViewController.swift */; };
		D2228346B63A619CB8DDC7AF /* MainTabBarController.swift in Sources */ = {isa = PBXBuildFile; fileRef = 628CCD0A19CE50CB77C9B76B /* MainTabBarController.swift */; };
/* End PBXBuildFile section */

/* Begin PBXCopyFilesBuildPhase section */
		2DBC859E8D9C22C97DB4CE67 /* Embed Frameworks */ = {
			isa = PBXCopyFilesBuildPhase;
			buildActionMask = 2147483647;
			dstPath = "";
			dstSubfolderSpec = 10;
			files = (
			);
			name = "Embed Frameworks";
			runOnlyForDeploymentPostprocessing = 0;
		};
/* End PBXCopyFilesBuildPhase section */

/* Begin PBXFileReference section */
		40498059A6C06176D3289261 /* TuistAssets+AgentationExample.swift */ = {isa = PBXFileReference; lastKnownFileType = sourcecode.swift; path = "TuistAssets+AgentationExample.swift"; sourceTree = "<group>"; };
		4CB5760209B7445D2666258F /* AgentationExample-Info.plist */ = {isa = PBXFileReference; lastKnownFileType = text.plist; path = "AgentationExample-Info.plist"; sourceTree = "<group>"; };
		5E4A0A3E4B9A644BF3F56AA5 /* TuistBundle+AgentationExample.swift */ = {isa = PBXFileReference; lastKnownFileType = sourcecode.swift; path = "TuistBundle+AgentationExample.swift"; sourceTree = "<group>"; };
		628CCD0A19CE50CB77C9B76B /* MainTabBarController.swift */ = {isa = PBXFileReference; lastKnownFileType = sourcecode.swift; path = MainTabBarController.swift; sourceTree = "<group>"; };
		63761F251DE8211946BA1727 /* AppDelegate.swift */ = {isa = PBXFileReference; lastKnownFileType = sourcecode.swift; path = AppDelegate.swift; sourceTree = "<group>"; };
		94BCB8AC263BE902B077B15F /* UIKitDemoViewController.swift */ = {isa = PBXFileReference; lastKnownFileType = sourcecode.swift; path = UIKitDemoViewController.swift; sourceTree = "<group>"; };
		99E989047E69E2A1E376313F /* rabat */ = {isa = PBXFileReference; lastKnownFileType = folder; name = rabat; path = ..; sourceTree = "<group>"; };
		B355D14FD9EAA663D872CE05 /* SwiftUIDemoView.swift */ = {isa = PBXFileReference; lastKnownFileType = sourcecode.swift; path = SwiftUIDemoView.swift; sourceTree = "<group>"; };
		B749C9770A7679BB6FAADCA2 /* Assets.xcassets */ = {isa = PBXFileReference; lastKnownFileType = folder.assetcatalog; path = Assets.xcassets; sourceTree = "<group>"; };
		BE5B848CA1A2E170AB251C4D /* AgentationExample.app */ = {isa = PBXFileReference; explicitFileType = wrapper.application; includeInIndex = 0; path = AgentationExample.app; sourceTree = BUILT_PRODUCTS_DIR; };
		DDEF693B388069135F28AF2B /* SceneDelegate.swift */ = {isa = PBXFileReference; lastKnownFileType = sourcecode.swift; path = SceneDelegate.swift; sourceTree = "<group>"; };
/* End PBXFileReference section */

/* Begin PBXFrameworksBuildPhase section */
		FAF129D961A3626B6CE89DF7 /* Frameworks */ = {
			isa = PBXFrameworksBuildPhase;
			buildActionMask = 2147483647;
			files = (
				2DD53B866065E74A662A40B0 /* Agentation in Frameworks */,
			);
			runOnlyForDeploymentPostprocessing = 0;
		};
/* End PBXFrameworksBuildPhase section */

/* Begin PBXGroup section */
		23F9316C8D235E35CECEB39F /* Packages */ = {
			isa = PBXGroup;
			children = (
				99E989047E69E2A1E376313F /* rabat */,
			);
			name = Packages;
			sourceTree = "<group>";
		};
		26C7D47A95661D9E100EE3B3 /* App */ = {
			isa = PBXGroup;
			children = (
				63761F251DE8211946BA1727 /* AppDelegate.swift */,
				628CCD0A19CE50CB77C9B76B /* MainTabBarController.swift */,
				DDEF693B388069135F28AF2B /* SceneDelegate.swift */,
			);
			path = App;
			sourceTree = "<group>";
		};
		37A813FA23BB23E20A266457 /* SwiftUIDemo */ = {
			isa = PBXGroup;
			children = (
				B355D14FD9EAA663D872CE05 /* SwiftUIDemoView.swift */,
			);
			path = SwiftUIDemo;
			sourceTree = "<group>";
		};
		40B1196DDFC634AAC611CE48 /* InfoPlists */ = {
			isa = PBXGroup;
			children = (
				4CB5760209B7445D2666258F /* AgentationExample-Info.plist */,
			);
			path = InfoPlists;
			sourceTree = "<group>";
		};
		704D9447127246A7E3BBB8ED /* UIKitDemo */ = {
			isa = PBXGroup;
			children = (
				94BCB8AC263BE902B077B15F /* UIKitDemoViewController.swift */,
			);
			path = UIKitDemo;
			sourceTree = "<group>";
		};
		735BE26BBFB1618C4C12A188 /* Derived */ = {
			isa = PBXGroup;
			children = (
				40B1196DDFC634AAC611CE48 /* InfoPlists */,
				D62DDCED86141DD42A1DE5F9 /* Sources */,
			);
			path = Derived;
			sourceTree = "<group>";
		};
		7D1B2FF589707893E0F86DE5 /* Sources */ = {
			isa = PBXGroup;
			children = (
				26C7D47A95661D9E100EE3B3 /* App */,
				37A813FA23BB23E20A266457 /* SwiftUIDemo */,
				704D9447127246A7E3BBB8ED /* UIKitDemo */,
			);
			path = Sources;
			sourceTree = "<group>";
		};
		B18F42911CF5243A1BC45EC0 = {
			isa = PBXGroup;
			children = (
				B4C7EE89E6FF8C972936671F /* Products */,
				F84B344AAE1BE910F3135DEC /* Project */,
				23F9316C8D235E35CECEB39F /* Packages */,
			);
			sourceTree = "<group>";
		};
		B4C7EE89E6FF8C972936671F /* Products */ = {
			isa = PBXGroup;
			children = (
				BE5B848CA1A2E170AB251C4D /* AgentationExample.app */,
			);
			name = Products;
			sourceTree = "<group>";
		};
		D62DDCED86141DD42A1DE5F9 /* Sources */ = {
			isa = PBXGroup;
			children = (
				40498059A6C06176D3289261 /* TuistAssets+AgentationExample.swift */,
				5E4A0A3E4B9A644BF3F56AA5 /* TuistBundle+AgentationExample.swift */,
			);
			path = Sources;
			sourceTree = "<group>";
		};
		E157EE18F9553B08BAF4C950 /* Resources */ = {
			isa = PBXGroup;
			children = (
				B749C9770A7679BB6FAADCA2 /* Assets.xcassets */,
			);
			path = Resources;
			sourceTree = "<group>";
		};
		F84B344AAE1BE910F3135DEC /* Project */ = {
			isa = PBXGroup;
			children = (
				735BE26BBFB1618C4C12A188 /* Derived */,
				E157EE18F9553B08BAF4C950 /* Resources */,
				7D1B2FF589707893E0F86DE5 /* Sources */,
			);
			name = Project;
			sourceTree = "<group>";
		};
/* End PBXGroup section */

/* Begin PBXNativeTarget section */
		91F690DB6DE6033FC69E6165 /* AgentationExample */ = {
			isa = PBXNativeTarget;
			buildConfigurationList = 36AA3E414D54952B1330EEA9 /* Build configuration list for PBXNativeTarget "AgentationExample" */;
			buildPhases = (
				97C3F2041DC66F89CC5ABE5C /* Sources */,
				D6704E0823CAAFA6B5DF5FEE /* Resources */,
				FAF129D961A3626B6CE89DF7 /* Frameworks */,
				2DBC859E8D9C22C97DB4CE67 /* Embed Frameworks */,
			);
			buildRules = (
			);
			dependencies = (
			);
			name = AgentationExample;
			packageProductDependencies = (
				448D59C36DABA15F5E024BCF /* Agentation */,
			);
			productName = AgentationExample;
			productReference = BE5B848CA1A2E170AB251C4D /* AgentationExample.app */;
			productType = "com.apple.product-type.application";
		};
/* End PBXNativeTarget section */

/* Begin PBXProject section */
		289AE2E68EBAC47CFCA54E7F /* Project object */ = {
			isa = PBXProject;
			attributes = {
				BuildIndependentTargetsInParallel = YES;
				ORGANIZATIONNAME = Agentation;
				TargetAttributes = {
				};
			};
			buildConfigurationList = 0CEF2A31D2BCCACE080E7F0C /* Build configuration list for PBXProject "AgentationExample" */;
			compatibilityVersion = "Xcode 14.0";
			developmentRegion = en;
			hasScannedForEncodings = 0;
			knownRegions = (
				en,
			);
			mainGroup = B18F42911CF5243A1BC45EC0;
			packageReferences = (
				F47159A110060D76ABE14A3A /* XCLocalSwiftPackageReference ".." */,
			);
			productRefGroup = B4C7EE89E6FF8C972936671F /* Products */;
			projectDirPath = "";
			projectRoot = "";
			targets = (
				91F690DB6DE6033FC69E6165 /* AgentationExample */,
			);
		};
/* End PBXProject section */

/* Begin PBXResourcesBuildPhase section */
		D6704E0823CAAFA6B5DF5FEE /* Resources */ = {
			isa = PBXResourcesBuildPhase;
			buildActionMask = 2147483647;
			files = (
				596246FE77C2B8338E04F33C /* Assets.xcassets in Resources */,
			);
			runOnlyForDeploymentPostprocessing = 0;
		};
/* End PBXResourcesBuildPhase section */

/* Begin PBXSourcesBuildPhase section */
		97C3F2041DC66F89CC5ABE5C /* Sources */ = {
			isa = PBXSourcesBuildPhase;
			buildActionMask = 2147483647;
			files = (
				819CC0C3B8643AEC6F5100DE /* TuistAssets+AgentationExample.swift in Sources */,
				1B89CFD37971A86D1ACBD749 /* TuistBundle+AgentationExample.swift in Sources */,
				1B5E7E02645A7113AF9B5081 /* AppDelegate.swift in Sources */,
				D2228346B63A619CB8DDC7AF /* MainTabBarController.swift in Sources */,
				A0925090BD1A5973255A044D /* SceneDelegate.swift in Sources */,
				11AFD3BD30FCB0A4E5B38309 /* SwiftUIDemoView.swift in Sources */,
				A822E49ED687CC40CD394DA2 /* UIKitDemoViewController.swift in Sources */,
			);
			runOnlyForDeploymentPostprocessing = 0;
		};
/* End PBXSourcesBuildPhase section */

/* Begin XCBuildConfiguration section */
		4A2E42CF08AC6A0DECAF7683 /* Release */ = {
			isa = XCBuildConfiguration;
			buildSettings = {
				ASSETCATALOG_COMPILER_APPICON_NAME = AppIcon;
				ASSETCATALOG_COMPILER_GLOBAL_ACCENT_COLOR_NAME = AccentColor;
				CODE_SIGN_IDENTITY = "iPhone Developer";
				"CODE_SIGN_IDENTITY[sdk=macosx*]" = "-";
				DERIVE_MACCATALYST_PRODUCT_BUNDLE_IDENTIFIER = YES;
				ENABLE_PREVIEWS = YES;
				INFOPLIST_FILE = "Derived/InfoPlists/AgentationExample-Info.plist";
				IPHONEOS_DEPLOYMENT_TARGET = 17.0;
				LD_RUNPATH_SEARCH_PATHS = (
					"$(inherited)",
					"@executable_path/Frameworks",
				);
				PRODUCT_BUNDLE_IDENTIFIER = com.agentation.example;
				PRODUCT_NAME = AgentationExample;
				SDKROOT = iphoneos;
				SUPPORTS_MACCATALYST = YES;
				SUPPORTS_MAC_DESIGNED_FOR_IPHONE_IPAD = NO;
				SUPPORTS_XR_DESIGNED_FOR_IPHONE_IPAD = NO;
				SWIFT_COMPILATION_MODE = wholemodule;
				SWIFT_OPTIMIZATION_LEVEL = "-O";
				SWIFT_VERSION = 5.0;
				TARGETED_DEVICE_FAMILY = "1,2,6";
			};
			name = Release;
		};
		4F492BD31056DB411A813A02 /* Debug */ = {
			isa = XCBuildConfiguration;
			buildSettings = {
				ALWAYS_SEARCH_USER_PATHS = NO;
				CLANG_ANALYZER_LOCALIZABILITY_NONLOCALIZED = YES;
				CLANG_ANALYZER_NONNULL = YES;
				CLANG_ANALYZER_NUMBER_OBJECT_CONVERSION = YES_AGGRESSIVE;
				CLANG_CXX_LANGUAGE_STANDARD = "gnu++14";
				CLANG_CXX_LIBRARY = "libc++";
				CLANG_ENABLE_MODULES = YES;
				CLANG_ENABLE_OBJC_ARC = YES;
				CLANG_ENABLE_OBJC_WEAK = YES;
				CLANG_WARN_BLOCK_CAPTURE_AUTORELEASING = YES;
				CLANG_WARN_BOOL_CONVERSION = YES;
				CLANG_WARN_COMMA = YES;
				CLANG_WARN_CONSTANT_CONVERSION = YES;
				CLANG_WARN_DEPRECATED_OBJC_IMPLEMENTATIONS = YES;
				CLANG_WARN_DIRECT_OBJC_ISA_USAGE = YES_ERROR;
				CLANG_WARN_DOCUMENTATION_COMMENTS = YES;
				CLANG_WARN_EMPTY_BODY = YES;
				CLANG_WARN_ENUM_CONVERSION = YES;
				CLANG_WARN_INFINITE_RECURSION = YES;
				CLANG_WARN_INT_CONVERSION = YES;
				CLANG_WARN_NON_LITERAL_NULL_CONVERSION = YES;
				CLANG_WARN_OBJC_IMPLICIT_RETAIN_SELF = YES;
				CLANG_WARN_OBJC_LITERAL_CONVERSION = YES;
				CLANG_WARN_OBJC_ROOT_CLASS = YES_ERROR;
				CLANG_WARN_QUOTED_INCLUDE_IN_FRAMEWORK_HEADER = YES;
				CLANG_WARN_RANGE_LOOP_ANALYSIS = YES;
				CLANG_WARN_STRICT_PROTOTYPES = YES;
				CLANG_WARN_SUSPICIOUS_MOVE = YES;
				CLANG_WARN_UNGUARDED_AVAILABILITY = YES_AGGRESSIVE;
				CLANG_WARN_UNREACHABLE_CODE = YES;
				CLANG_WARN__DUPLICATE_METHOD_MATCH = YES;
				COPY_PHASE_STRIP = NO;
				DEAD_CODE_STRIPPING = YES;
				DEBUG_INFORMATION_FORMAT = dwarf;
				ENABLE_STRICT_OBJC_MSGSEND = YES;
				ENABLE_TESTABILITY = YES;
				GCC_C_LANGUAGE_STANDARD = gnu11;
				GCC_DYNAMIC_NO_PIC = NO;
				GCC_NO_COMMON_BLOCKS = YES;
				GCC_OPTIMIZATION_LEVEL = 0;
				GCC_PREPROCESSOR_DEFINITIONS = (
					"DEBUG=1",
					"$(inherited)",
				);
				GCC_WARN_64_TO_32_BIT_CONVERSION = YES;
				GCC_WARN_ABOUT_RETURN_TYPE = YES_ERROR;
				GCC_WARN_UNDECLARED_SELECTOR = YES;
				GCC_WARN_UNINITIALIZED_AUTOS = YES_AGGRESSIVE;
				GCC_WARN_UNUSED_FUNCTION = YES;
				GCC_WARN_UNUSED_VARIABLE = YES;
				MTL_ENABLE_DEBUG_INFO = YES;
				ONLY_ACTIVE_ARCH = YES;
				PRODUCT_NAME = "$(TARGET_NAME)";
			};
			name = Debug;
		};
		5B690277903E4E203541B11A /* Debug */ = {
			isa = XCBuildConfiguration;
			buildSettings = {
				ASSETCATALOG_COMPILER_APPICON_NAME = AppIcon;
				ASSETCATALOG_COMPILER_GLOBAL_ACCENT_COLOR_NAME = AccentColor;
				CODE_SIGN_IDENTITY = "iPhone Developer";
				"CODE_SIGN_IDENTITY[sdk=macosx*]" = "-";
				DERIVE_MACCATALYST_PRODUCT_BUNDLE_IDENTIFIER = YES;
				ENABLE_PREVIEWS = YES;
				INFOPLIST_FILE = "Derived/InfoPlists/AgentationExample-Info.plist";
				IPHONEOS_DEPLOYMENT_TARGET = 17.0;
				LD_RUNPATH_SEARCH_PATHS = (
					"$(inherited)",
					"@executable_path/Frameworks",
				);
				PRODUCT_BUNDLE_IDENTIFIER = com.agentation.example;
				PRODUCT_NAME = AgentationExample;
				SDKROOT = iphoneos;
				SUPPORTS_MACCATALYST = YES;
				SUPPORTS_MAC_DESIGNED_FOR_IPHONE_IPAD = NO;
				SUPPORTS_XR_DESIGNED_FOR_IPHONE_IPAD = NO;
				SWIFT_ACTIVE_COMPILATION_CONDITIONS = (
					"$(inherited)",
					DEBUG,
				);
				SWIFT_COMPILATION_MODE = singlefile;
				SWIFT_OPTIMIZATION_LEVEL = "-Onone";
				SWIFT_VERSION = 5.0;
				TARGETED_DEVICE_FAMILY = "1,2,6";
			};
			name = Debug;
		};
		5E63E5398901E771A3F90339 /* Release */ = {
			isa = XCBuildConfiguration;
			buildSettings = {
				ALWAYS_SEARCH_USER_PATHS = NO;
				CLANG_ANALYZER_LOCALIZABILITY_NONLOCALIZED = YES;
				CLANG_ANALYZER_NONNULL = YES;
				CLANG_ANALYZER_NUMBER_OBJECT_CONVERSION = YES_AGGRESSIVE;
				CLANG_CXX_LANGUAGE_STANDARD = "gnu++14";
				CLANG_CXX_LIBRARY = "libc++";
				CLANG_ENABLE_MODULES = YES;
				CLANG_ENABLE_OBJC_ARC = YES;
				CLANG_ENABLE_OBJC_WEAK = YES;
				CLANG_WARN_BLOCK_CAPTURE_AUTORELEASING = YES;
				CLANG_WARN_BOOL_CONVERSION = YES;
				CLANG_WARN_COMMA = YES;
				CLANG_WARN_CONSTANT_CONVERSION = YES;
				CLANG_WARN_DEPRECATED_OBJC_IMPLEMENTATIONS = YES;
				CLANG_WARN_DIRECT_OBJC_ISA_USAGE = YES_ERROR;
				CLANG_WARN_DOCUMENTATION_COMMENTS = YES;
				CLANG_WARN_EMPTY_BODY = YES;
				CLANG_WARN_ENUM_CONVERSION = YES;
				CLANG_WARN_INFINITE_RECURSION = YES;
				CLANG_WARN_INT_CONVERSION = YES;
				CLANG_WARN_NON_LITERAL_NULL_CONVERSION = YES;
				CLANG_WARN_OBJC_IMPLICIT_RETAIN_SELF = YES;
				CLANG_WARN_OBJC_LITERAL_CONVERSION = YES;
				CLANG_WARN_OBJC_ROOT_CLASS = YES_ERROR;
				CLANG_WARN_QUOTED_INCLUDE_IN_FRAMEWORK_HEADER = YES;
				CLANG_WARN_RANGE_LOOP_ANALYSIS = YES;
				CLANG_WARN_STRICT_PROTOTYPES = YES;
				CLANG_WARN_SUSPICIOUS_MOVE = YES;
				CLANG_WARN_UNGUARDED_AVAILABILITY = YES_AGGRESSIVE;
				CLANG_WARN_UNREACHABLE_CODE = YES;
				CLANG_WARN__DUPLICATE_METHOD_MATCH = YES;
				COPY_PHASE_STRIP = NO;
				DEAD_CODE_STRIPPING = YES;
				DEBUG_INFORMATION_FORMAT = "dwarf-with-dsym";
				ENABLE_NS_ASSERTIONS = NO;
				ENABLE_STRICT_OBJC_MSGSEND = YES;
				GCC_C_LANGUAGE_STANDARD = gnu11;
				GCC_NO_COMMON_BLOCKS = YES;
				GCC_WARN_64_TO_32_BIT_CONVERSION = YES;
				GCC_WARN_ABOUT_RETURN_TYPE = YES_ERROR;
				GCC_WARN_UNDECLARED_SELECTOR = YES;
				GCC_WARN_UNINITIALIZED_AUTOS = YES_AGGRESSIVE;
				GCC_WARN_UNUSED_FUNCTION = YES;
				GCC_WARN_UNUSED_VARIABLE = YES;
				MTL_ENABLE_DEBUG_INFO = NO;
				PRODUCT_NAME = "$(TARGET_NAME)";
				VALIDATE_PRODUCT = YES;
			};
			name = Release;
		};
/* End XCBuildConfiguration section */

/* Begin XCConfigurationList section */
		0CEF2A31D2BCCACE080E7F0C /* Build configuration list for PBXProject "AgentationExample" */ = {
			isa = XCConfigurationList;
			buildConfigurations = (
				4F492BD31056DB411A813A02 /* Debug */,
				5E63E5398901E771A3F90339 /* Release */,
			);
			defaultConfigurationIsVisible = 0;
			defaultConfigurationName = Release;
		};
		36AA3E414D54952B1330EEA9 /* Build configuration list for PBXNativeTarget "AgentationExample" */ = {
			isa = XCConfigurationList;
			buildConfigurations = (
				5B690277903E4E203541B11A /* Debug */,
				4A2E42CF08AC6A0DECAF7683 /* Release */,
			);
			defaultConfigurationIsVisible = 0;
			defaultConfigurationName = Release;
		};
/* End XCConfigurationList section */

/* Begin XCLocalSwiftPackageReference section */
		F47159A110060D76ABE14A3A /* XCLocalSwiftPackageReference ".." */ = {
			isa = XCLocalSwiftPackageReference;
			relativePath = ..;
		};
/* End XCLocalSwiftPackageReference section */

/* Begin XCSwiftPackageProductDependency section */
		448D59C36DABA15F5E024BCF /* Agentation */ = {
			isa = XCSwiftPackageProductDependency;
			productName = Agentation;
		};
/* End XCSwiftPackageProductDependency section */
	};
	rootObject = 289AE2E68EBAC47CFCA54E7F /* Project object */;
}
